// !$*UTF8*$!
{
	archiveVersion = 1;
	classes = {
	};
	objectVersion = 50;
	objects = {

/* Begin PBXBuildFile section */
		196BBF4D23634F4900A5F8B3 /* AppDelegate.swift in Sources */ = {isa = PBXBuildFile; fileRef = 196BBF4C23634F4900A5F8B3 /* AppDelegate.swift */; };
		196BBF4F23634F4900A5F8B3 /* SceneDelegate.swift in Sources */ = {isa = PBXBuildFile; fileRef = 196BBF4E23634F4900A5F8B3 /* SceneDelegate.swift */; };
		196BBF5423634F4900A5F8B3 /* Main.storyboard in Resources */ = {isa = PBXBuildFile; fileRef = 196BBF5223634F4900A5F8B3 /* Main.storyboard */; };
		196BBF5623634F4A00A5F8B3 /* Assets.xcassets in Resources */ = {isa = PBXBuildFile; fileRef = 196BBF5523634F4A00A5F8B3 /* Assets.xcassets */; };
		196BBF5923634F4A00A5F8B3 /* LaunchScreen.storyboard in Resources */ = {isa = PBXBuildFile; fileRef = 196BBF5723634F4A00A5F8B3 /* LaunchScreen.storyboard */; };
		196BBF682363500100A5F8B3 /* PairRandomizer.swift in Sources */ = {isa = PBXBuildFile; fileRef = 196BBF672363500100A5F8B3 /* PairRandomizer.swift */; };
		196BBF6A2363528700A5F8B3 /* PairRandomizerController.swift in Sources */ = {isa = PBXBuildFile; fileRef = 196BBF692363528700A5F8B3 /* PairRandomizerController.swift */; };
		196BBF6C23636D6700A5F8B3 /* PairRandomizerTableViewController.swift in Sources */ = {isa = PBXBuildFile; fileRef = 196BBF6B23636D6700A5F8B3 /* PairRandomizerTableViewController.swift */; };
		196BBF6E2363750500A5F8B3 /* NameTableViewCell.swift in Sources */ = {isa = PBXBuildFile; fileRef = 196BBF6D2363750500A5F8B3 /* NameTableViewCell.swift */; };
/* End PBXBuildFile section */

/* Begin PBXFileReference section */
		196BBF4923634F4800A5F8B3 /* PairRandomizer.app */ = {isa = PBXFileReference; explicitFileType = wrapper.application; includeInIndex = 0; path = PairRandomizer.app; sourceTree = BUILT_PRODUCTS_DIR; };
		196BBF4C23634F4900A5F8B3 /* AppDelegate.swift */ = {isa = PBXFileReference; lastKnownFileType = sourcecode.swift; path = AppDelegate.swift; sourceTree = "<group>"; };
		196BBF4E23634F4900A5F8B3 /* SceneDelegate.swift */ = {isa = PBXFileReference; lastKnownFileType = sourcecode.swift; path = SceneDelegate.swift; sourceTree = "<group>"; };
		196BBF5323634F4900A5F8B3 /* Base */ = {isa = PBXFileReference; lastKnownFileType = file.storyboard; name = Base; path = Base.lproj/Main.storyboard; sourceTree = "<group>"; };
		196BBF5523634F4A00A5F8B3 /* Assets.xcassets */ = {isa = PBXFileReference; lastKnownFileType = folder.assetcatalog; path = Assets.xcassets; sourceTree = "<group>"; };
		196BBF5823634F4A00A5F8B3 /* Base */ = {isa = PBXFileReference; lastKnownFileType = file.storyboard; name = Base; path = Base.lproj/LaunchScreen.storyboard; sourceTree = "<group>"; };
		196BBF5A23634F4A00A5F8B3 /* Info.plist */ = {isa = PBXFileReference; lastKnownFileType = text.plist.xml; path = Info.plist; sourceTree = "<group>"; };
		196BBF672363500100A5F8B3 /* PairRandomizer.swift */ = {isa = PBXFileReference; lastKnownFileType = sourcecode.swift; path = PairRandomizer.swift; sourceTree = "<group>"; };
		196BBF692363528700A5F8B3 /* PairRandomizerController.swift */ = {isa = PBXFileReference; lastKnownFileType = sourcecode.swift; path = PairRandomizerController.swift; sourceTree = "<group>"; };
		196BBF6B23636D6700A5F8B3 /* PairRandomizerTableViewController.swift */ = {isa = PBXFileReference; lastKnownFileType = sourcecode.swift; path = PairRandomizerTableViewController.swift; sourceTree = "<group>"; };
		196BBF6D2363750500A5F8B3 /* NameTableViewCell.swift */ = {isa = PBXFileReference; lastKnownFileType = sourcecode.swift; path = NameTableViewCell.swift; sourceTree = "<group>"; };
/* End PBXFileReference section */

/* Begin PBXFrameworksBuildPhase section */
		196BBF4623634F4800A5F8B3 /* Frameworks */ = {
			isa = PBXFrameworksBuildPhase;
			buildActionMask = 2147483647;
			files = (
			);
			runOnlyForDeploymentPostprocessing = 0;
		};
/* End PBXFrameworksBuildPhase section */

/* Begin PBXGroup section */
		196BBF4023634F4800A5F8B3 = {
			isa = PBXGroup;
			children = (
				196BBF4B23634F4800A5F8B3 /* PairRandomizer */,
				196BBF4A23634F4800A5F8B3 /* Products */,
			);
			sourceTree = "<group>";
		};
		196BBF4A23634F4800A5F8B3 /* Products */ = {
			isa = PBXGroup;
			children = (
				196BBF4923634F4800A5F8B3 /* PairRandomizer.app */,
			);
			name = Products;
			sourceTree = "<group>";
		};
		196BBF4B23634F4800A5F8B3 /* PairRandomizer */ = {
			isa = PBXGroup;
			children = (
				196BBF6523634F9700A5F8B3 /* Views */,
				196BBF6223634F7E00A5F8B3 /* Controllers */,
				196BBF6123634F7800A5F8B3 /* Models */,
				196BBF6023634F5D00A5F8B3 /* Supporting Files */,
			);
			path = PairRandomizer;
			sourceTree = "<group>";
		};
		196BBF6023634F5D00A5F8B3 /* Supporting Files */ = {
			isa = PBXGroup;
			children = (
				196BBF4C23634F4900A5F8B3 /* AppDelegate.swift */,
				196BBF4E23634F4900A5F8B3 /* SceneDelegate.swift */,
				196BBF5523634F4A00A5F8B3 /* Assets.xcassets */,
				196BBF5723634F4A00A5F8B3 /* LaunchScreen.storyboard */,
				196BBF5A23634F4A00A5F8B3 /* Info.plist */,
			);
			path = "Supporting Files";
			sourceTree = "<group>";
		};
		196BBF6123634F7800A5F8B3 /* Models */ = {
			isa = PBXGroup;
			children = (
				196BBF672363500100A5F8B3 /* PairRandomizer.swift */,
			);
			path = Models;
			sourceTree = "<group>";
		};
		196BBF6223634F7E00A5F8B3 /* Controllers */ = {
			isa = PBXGroup;
			children = (
				196BBF6423634F8A00A5F8B3 /* ViewControllers */,
				196BBF6323634F8400A5F8B3 /* ModelControllers */,
			);
			path = Controllers;
			sourceTree = "<group>";
		};
		196BBF6323634F8400A5F8B3 /* ModelControllers */ = {
			isa = PBXGroup;
			children = (
				196BBF692363528700A5F8B3 /* PairRandomizerController.swift */,
			);
			path = ModelControllers;
			sourceTree = "<group>";
		};
		196BBF6423634F8A00A5F8B3 /* ViewControllers */ = {
			isa = PBXGroup;
			children = (
				196BBF6B23636D6700A5F8B3 /* PairRandomizerTableViewController.swift */,
				196BBF6D2363750500A5F8B3 /* NameTableViewCell.swift */,
			);
			path = ViewControllers;
			sourceTree = "<group>";
		};
		196BBF6523634F9700A5F8B3 /* Views */ = {
			isa = PBXGroup;
			children = (
				196BBF6623634F9E00A5F8B3 /* Storyboards */,
			);
			path = Views;
			sourceTree = "<group>";
		};
		196BBF6623634F9E00A5F8B3 /* Storyboards */ = {
			isa = PBXGroup;
			children = (
				196BBF5223634F4900A5F8B3 /* Main.storyboard */,
			);
			path = Storyboards;
			sourceTree = "<group>";
		};
/* End PBXGroup section */

/* Begin PBXNativeTarget section */
		196BBF4823634F4800A5F8B3 /* PairRandomizer */ = {
			isa = PBXNativeTarget;
			buildConfigurationList = 196BBF5D23634F4A00A5F8B3 /* Build configuration list for PBXNativeTarget "PairRandomizer" */;
			buildPhases = (
				196BBF4523634F4800A5F8B3 /* Sources */,
				196BBF4623634F4800A5F8B3 /* Frameworks */,
				196BBF4723634F4800A5F8B3 /* Resources */,
			);
			buildRules = (
			);
			dependencies = (
			);
			name = PairRandomizer;
			productName = PairRandomizer;
			productReference = 196BBF4923634F4800A5F8B3 /* PairRandomizer.app */;
			productType = "com.apple.product-type.application";
		};
/* End PBXNativeTarget section */

/* Begin PBXProject section */
		196BBF4123634F4800A5F8B3 /* Project object */ = {
			isa = PBXProject;
			attributes = {
				LastSwiftUpdateCheck = 1110;
				LastUpgradeCheck = 1110;
				ORGANIZATIONNAME = "Travis Wheeler";
				TargetAttributes = {
					196BBF4823634F4800A5F8B3 = {
						CreatedOnToolsVersion = 11.1;
					};
				};
			};
			buildConfigurationList = 196BBF4423634F4800A5F8B3 /* Build configuration list for PBXProject "PairRandomizer" */;
			compatibilityVersion = "Xcode 9.3";
			developmentRegion = en;
			hasScannedForEncodings = 0;
			knownRegions = (
				en,
				Base,
			);
			mainGroup = 196BBF4023634F4800A5F8B3;
			productRefGroup = 196BBF4A23634F4800A5F8B3 /* Products */;
			projectDirPath = "";
			projectRoot = "";
			targets = (
				196BBF4823634F4800A5F8B3 /* PairRandomizer */,
			);
		};
/* End PBXProject section */

/* Begin PBXResourcesBuildPhase section */
		196BBF4723634F4800A5F8B3 /* Resources */ = {
			isa = PBXResourcesBuildPhase;
			buildActionMask = 2147483647;
			files = (
				196BBF5923634F4A00A5F8B3 /* LaunchScreen.storyboard in Resources */,
				196BBF5623634F4A00A5F8B3 /* Assets.xcassets in Resources */,
				196BBF5423634F4900A5F8B3 /* Main.storyboard in Resources */,
			);
			runOnlyForDeploymentPostprocessing = 0;
		};
/* End PBXResourcesBuildPhase section */

/* Begin PBXSourcesBuildPhase section */
		196BBF4523634F4800A5F8B3 /* Sources */ = {
			isa = PBXSourcesBuildPhase;
			buildActionMask = 2147483647;
			files = (
				196BBF6E2363750500A5F8B3 /* NameTableViewCell.swift in Sources */,
				196BBF6A2363528700A5F8B3 /* PairRandomizerController.swift in Sources */,
				196BBF6C23636D6700A5F8B3 /* PairRandomizerTableViewController.swift in Sources */,
				196BBF4D23634F4900A5F8B3 /* AppDelegate.swift in Sources */,
				196BBF4F23634F4900A5F8B3 /* SceneDelegate.swift in Sources */,
				196BBF682363500100A5F8B3 /* PairRandomizer.swift in Sources */,
			);
			runOnlyForDeploymentPostprocessing = 0;
		};
/* End PBXSourcesBuildPhase section */

/* Begin PBXVariantGroup section */
		196BBF5223634F4900A5F8B3 /* Main.storyboard */ = {
			isa = PBXVariantGroup;
			children = (
				196BBF5323634F4900A5F8B3 /* Base */,
			);
			name = Main.storyboard;
			sourceTree = "<group>";
		};
		196BBF5723634F4A00A5F8B3 /* LaunchScreen.storyboard */ = {
			isa = PBXVariantGroup;
			children = (
				196BBF5823634F4A00A5F8B3 /* Base */,
			);
			name = LaunchScreen.storyboard;
			sourceTree = "<group>";
		};
/* End PBXVariantGroup section */

/* Begin XCBuildConfiguration section */
		196BBF5B23634F4A00A5F8B3 /* Debug */ = {
			isa = XCBuildConfiguration;
			buildSettings = {
				ALWAYS_SEARCH_USER_PATHS = NO;
				CLANG_ANALYZER_NONNULL = YES;
				CLANG_ANALYZER_NUMBER_OBJECT_CONVERSION = YES_AGGRESSIVE;
				CLANG_CXX_LANGUAGE_STANDARD = "gnu++14";
				CLANG_CXX_LIBRARY = "libc++";
				CLANG_ENABLE_MODULES = YES;
				CLANG_ENABLE_OBJC_ARC = YES;
				CLANG_ENABLE_OBJC_WEAK = YES;
				CLANG_WARN_BLOCK_CAPTURE_AUTORELEASING = YES;
				CLANG_WARN_BOOL_CONVERSION = YES;
				CLANG_WARN_COMMA = YES;
				CLANG_WARN_CONSTANT_CONVERSION = YES;
				CLANG_WARN_DEPRECATED_OBJC_IMPLEMENTATIONS = YES;
				CLANG_WARN_DIRECT_OBJC_ISA_USAGE = YES_ERROR;
				CLANG_WARN_DOCUMENTATION_COMMENTS = YES;
				CLANG_WARN_EMPTY_BODY = YES;
				CLANG_WARN_ENUM_CONVERSION = YES;
				CLANG_WARN_INFINITE_RECURSION = YES;
				CLANG_WARN_INT_CONVERSION = YES;
				CLANG_WARN_NON_LITERAL_NULL_CONVERSION = YES;
				CLANG_WARN_OBJC_IMPLICIT_RETAIN_SELF = YES;
				CLANG_WARN_OBJC_LITERAL_CONVERSION = YES;
				CLANG_WARN_OBJC_ROOT_CLASS = YES_ERROR;
				CLANG_WARN_RANGE_LOOP_ANALYSIS = YES;
				CLANG_WARN_STRICT_PROTOTYPES = YES;
				CLANG_WARN_SUSPICIOUS_MOVE = YES;
				CLANG_WARN_UNGUARDED_AVAILABILITY = YES_AGGRESSIVE;
				CLANG_WARN_UNREACHABLE_CODE = YES;
				CLANG_WARN__DUPLICATE_METHOD_MATCH = YES;
				COPY_PHASE_STRIP = NO;
				DEBUG_INFORMATION_FORMAT = dwarf;
				ENABLE_STRICT_OBJC_MSGSEND = YES;
				ENABLE_TESTABILITY = YES;
				GCC_C_LANGUAGE_STANDARD = gnu11;
				GCC_DYNAMIC_NO_PIC = NO;
				GCC_NO_COMMON_BLOCKS = YES;
				GCC_OPTIMIZATION_LEVEL = 0;
				GCC_PREPROCESSOR_DEFINITIONS = (
					"DEBUG=1",
					"$(inherited)",
				);
				GCC_WARN_64_TO_32_BIT_CONVERSION = YES;
				GCC_WARN_ABOUT_RETURN_TYPE = YES_ERROR;
				GCC_WARN_UNDECLARED_SELECTOR = YES;
				GCC_WARN_UNINITIALIZED_AUTOS = YES_AGGRESSIVE;
				GCC_WARN_UNUSED_FUNCTION = YES;
				GCC_WARN_UNUSED_VARIABLE = YES;
				IPHONEOS_DEPLOYMENT_TARGET = 13.1;
				MTL_ENABLE_DEBUG_INFO = INCLUDE_SOURCE;
				MTL_FAST_MATH = YES;
				ONLY_ACTIVE_ARCH = YES;
				SDKROOT = iphoneos;
				SWIFT_ACTIVE_COMPILATION_CONDITIONS = DEBUG;
				SWIFT_OPTIMIZATION_LEVEL = "-Onone";
			};
			name = Debug;
		};
		196BBF5C23634F4A00A5F8B3 /* Release */ = {
			isa = XCBuildConfiguration;
			buildSettings = {
				ALWAYS_SEARCH_USER_PATHS = NO;
				CLANG_ANALYZER_NONNULL = YES;
				CLANG_ANALYZER_NUMBER_OBJECT_CONVERSION = YES_AGGRESSIVE;
				CLANG_CXX_LANGUAGE_STANDARD = "gnu++14";
				CLANG_CXX_LIBRARY = "libc++";
				CLANG_ENABLE_MODULES = YES;
				CLANG_ENABLE_OBJC_ARC = YES;
				CLANG_ENABLE_OBJC_WEAK = YES;
				CLANG_WARN_BLOCK_CAPTURE_AUTORELEASING = YES;
				CLANG_WARN_BOOL_CONVERSION = YES;
				CLANG_WARN_COMMA = YES;
				CLANG_WARN_CONSTANT_CONVERSION = YES;
				CLANG_WARN_DEPRECATED_OBJC_IMPLEMENTATIONS = YES;
				CLANG_WARN_DIRECT_OBJC_ISA_USAGE = YES_ERROR;
				CLANG_WARN_DOCUMENTATION_COMMENTS = YES;
				CLANG_WARN_EMPTY_BODY = YES;
				CLANG_WARN_ENUM_CONVERSION = YES;
				CLANG_WARN_INFINITE_RECURSION = YES;
				CLANG_WARN_INT_CONVERSION = YES;
				CLANG_WARN_NON_LITERAL_NULL_CONVERSION = YES;
				CLANG_WARN_OBJC_IMPLICIT_RETAIN_SELF = YES;
				CLANG_WARN_OBJC_LITERAL_CONVERSION = YES;
				CLANG_WARN_OBJC_ROOT_CLASS = YES_ERROR;
				CLANG_WARN_RANGE_LOOP_ANALYSIS = YES;
				CLANG_WARN_STRICT_PROTOTYPES = YES;
				CLANG_WARN_SUSPICIOUS_MOVE = YES;
				CLANG_WARN_UNGUARDED_AVAILABILITY = YES_AGGRESSIVE;
				CLANG_WARN_UNREACHABLE_CODE = YES;
				CLANG_WARN__DUPLICATE_METHOD_MATCH = YES;
				COPY_PHASE_STRIP = NO;
				DEBUG_INFORMATION_FORMAT = "dwarf-with-dsym";
				ENABLE_NS_ASSERTIONS = NO;
				ENABLE_STRICT_OBJC_MSGSEND = YES;
				GCC_C_LANGUAGE_STANDARD = gnu11;
				GCC_NO_COMMON_BLOCKS = YES;
				GCC_WARN_64_TO_32_BIT_CONVERSION = YES;
				GCC_WARN_ABOUT_RETURN_TYPE = YES_ERROR;
				GCC_WARN_UNDECLARED_SELECTOR = YES;
				GCC_WARN_UNINITIALIZED_AUTOS = YES_AGGRESSIVE;
				GCC_WARN_UNUSED_FUNCTION = YES;
				GCC_WARN_UNUSED_VARIABLE = YES;
				IPHONEOS_DEPLOYMENT_TARGET = 13.1;
				MTL_ENABLE_DEBUG_INFO = NO;
				MTL_FAST_MATH = YES;
				SDKROOT = iphoneos;
				SWIFT_COMPILATION_MODE = wholemodule;
				SWIFT_OPTIMIZATION_LEVEL = "-O";
				VALIDATE_PRODUCT = YES;
			};
			name = Release;
		};
		196BBF5E23634F4A00A5F8B3 /* Debug */ = {
			isa = XCBuildConfiguration;
			buildSettings = {
				ASSETCATALOG_COMPILER_APPICON_NAME = AppIcon;
				CODE_SIGN_STYLE = Automatic;
				DEVELOPMENT_TEAM = M9VU68T7UJ;
				INFOPLIST_FILE = "$(SRCROOT)/PairRandomizer/Supporting Files/Info.plist";
				LD_RUNPATH_SEARCH_PATHS = (
					"$(inherited)",
					"@executable_path/Frameworks",
				);
				PRODUCT_BUNDLE_IDENTIFIER = com.TravisWheeler.PairRandomizer;
				PRODUCT_NAME = "$(TARGET_NAME)";
				SWIFT_VERSION = 5.0;
				TARGETED_DEVICE_FAMILY = "1,2";
			};
			name = Debug;
		};
		196BBF5F23634F4A00A5F8B3 /* Release */ = {
			isa = XCBuildConfiguration;
			buildSettings = {
				ASSETCATALOG_COMPILER_APPICON_NAME = AppIcon;
				CODE_SIGN_STYLE = Automatic;
				DEVELOPMENT_TEAM = M9VU68T7UJ;
				INFOPLIST_FILE = "$(SRCROOT)/PairRandomizer/Supporting Files/Info.plist";
				LD_RUNPATH_SEARCH_PATHS = (
					"$(inherited)",
					"@executable_path/Frameworks",
				);
				PRODUCT_BUNDLE_IDENTIFIER = com.TravisWheeler.PairRandomizer;
				PRODUCT_NAME = "$(TARGET_NAME)";
				SWIFT_VERSION = 5.0;
				TARGETED_DEVICE_FAMILY = "1,2";
			};
			name = Release;
		};
/* End XCBuildConfiguration section */

/* Begin XCConfigurationList section */
		196BBF4423634F4800A5F8B3 /* Build configuration list for PBXProject "PairRandomizer" */ = {
			isa = XCConfigurationList;
			buildConfigurations = (
				196BBF5B23634F4A00A5F8B3 /* Debug */,
				196BBF5C23634F4A00A5F8B3 /* Release */,
			);
			defaultConfigurationIsVisible = 0;
			defaultConfigurationName = Release;
		};
		196BBF5D23634F4A00A5F8B3 /* Build configuration list for PBXNativeTarget "PairRandomizer" */ = {
			isa = XCConfigurationList;
			buildConfigurations = (
				196BBF5E23634F4A00A5F8B3 /* Debug */,
				196BBF5F23634F4A00A5F8B3 /* Release */,
			);
			defaultConfigurationIsVisible = 0;
			defaultConfigurationName = Release;
		};
/* End XCConfigurationList section */
	};
	rootObject = 196BBF4123634F4800A5F8B3 /* Project object */;
}
